{
  "name": "js",
  "lockfileVersion": 2,
  "requires": true,
  "packages": {
    "": {
      "dependencies": {
        "gsap": "file:gsap-bonus.tgz"
      }
    },
    "node_modules/gsap": {
      "version": "3.11.3",
      "resolved": "file:gsap-bonus.tgz",
      "integrity": "sha512-FhaMh9UmPu3VKbnZE1Pqg6Ryc+z1GdHeB8KWljp4JbSwPOeQUjgsqSb7twQlJmNPnt8KF6v8iNz0xvNOJ/xsrw==",
      "license": "Standard 'no charge' license: https://greensock.com/standard-license. Club GreenSock members get more: https://greensock.com/licensing/. Why GreenSock doesn't employ an MIT license: https://greensock.com/why-license/"
    }
  },
  "dependencies": {
    "gsap": {
      "version": "file:gsap-bonus.tgz",
      "integrity": "sha512-FhaMh9UmPu3VKbnZE1Pqg6Ryc+z1GdHeB8KWljp4JbSwPOeQUjgsqSb7twQlJmNPnt8KF6v8iNz0xvNOJ/xsrw=="
    }
  }
}
